
Microsoft Visual Studio Solution File, Format Version 12.00
# Visual Studio Version 16
VisualStudioVersion = 16.0.30320.27
MinimumVisualStudioVersion = 10.0.40219.1
Project("{FAE04EC0-301F-11D3-BF4B-00C04F79EFBC}") = "CanHazTable", "CanHazTable\CanHazTable.csproj", "{CBDD1248-97B3-4BA4-B69D-EDD833BDDCEF}"
EndProject
Global
	GlobalSection(SolutionConfigurationPlatforms) = preSolution
		Debug|Any CPU = Debug|Any CPU
		Release|Any CPU = Release|Any CPU
	EndGlobalSection
	GlobalSection(ProjectConfigurationPlatforms) = postSolution
		{CBDD1248-97B3-4BA4-B69D-EDD833BDDCEF}.Debug|Any CPU.ActiveCfg = Debug|Any CPU
		{CBDD1248-97B3-4BA4-B69D-EDD833BDDCEF}.Debug|Any CPU.Build.0 = Debug|Any CPU
		{CBDD1248-97B3-4BA4-B69D-EDD833BDDCEF}.Release|Any CPU.ActiveCfg = Release|Any CPU
		{CBDD1248-97B3-4BA4-B69D-EDD833BDDCEF}.Release|Any CPU.Build.0 = Release|Any CPU
	EndGlobalSection
	GlobalSection(SolutionProperties) = preSolution
		HideSolutionNode = FALSE
	EndGlobalSection
	GlobalSection(ExtensibilityGlobals) = postSolution
		SolutionGuid = {CDA15FA3-B717-4A30-808B-7E9179FEE594}
	EndGlobalSection
EndGlobal
