
Microsoft Visual Studio Solution File, Format Version 12.00
# Visual Studio Version 16
VisualStudioVersion = 16.0.30330.147
MinimumVisualStudioVersion = 10.0.40219.1
Project("{FAE04EC0-301F-11D3-BF4B-00C04F79EFBC}") = "ArrayGetMiddle", "ArrayGetMiddle\ArrayGetMiddle.csproj", "{D06DB5FB-A6DB-412F-A521-50165DAD525D}"
EndProject
Global
	GlobalSection(SolutionConfigurationPlatforms) = preSolution
		Debug|Any CPU = Debug|Any CPU
		Release|Any CPU = Release|Any CPU
	EndGlobalSection
	GlobalSection(ProjectConfigurationPlatforms) = postSolution
		{D06DB5FB-A6DB-412F-A521-50165DAD525D}.Debug|Any CPU.ActiveCfg = Debug|Any CPU
		{D06DB5FB-A6DB-412F-A521-50165DAD525D}.Debug|Any CPU.Build.0 = Debug|Any CPU
		{D06DB5FB-A6DB-412F-A521-50165DAD525D}.Release|Any CPU.ActiveCfg = Release|Any CPU
		{D06DB5FB-A6DB-412F-A521-50165DAD525D}.Release|Any CPU.Build.0 = Release|Any CPU
	EndGlobalSection
	GlobalSection(SolutionProperties) = preSolution
		HideSolutionNode = FALSE
	EndGlobalSection
	GlobalSection(ExtensibilityGlobals) = postSolution
		SolutionGuid = {36A56440-3885-4DFC-BBBB-681872588A83}
	EndGlobalSection
EndGlobal
