
Microsoft Visual Studio Solution File, Format Version 12.00
# Visual Studio Version 16
VisualStudioVersion = 16.0.30717.126
MinimumVisualStudioVersion = 10.0.40219.1
Project("{FAE04EC0-301F-11D3-BF4B-00C04F79EFBC}") = "SumDouble", "SumDouble\SumDouble.csproj", "{F7A9521C-8274-470E-AC29-47E133F57BFB}"
EndProject
Project("{FAE04EC0-301F-11D3-BF4B-00C04F79EFBC}") = "SumDoubleTests", "SumDoubleTests\SumDoubleTests.csproj", "{C0727981-5862-4DAB-B27E-DFBB9F9BC17C}"
EndProject
Project("{FAE04EC0-301F-11D3-BF4B-00C04F79EFBC}") = "SumDoubleLibrary", "SumDoubleLibrary\SumDoubleLibrary.csproj", "{83D267D3-2201-41BE-988F-7B02B8595957}"
EndProject
Global
	GlobalSection(SolutionConfigurationPlatforms) = preSolution
		Debug|Any CPU = Debug|Any CPU
		Release|Any CPU = Release|Any CPU
	EndGlobalSection
	GlobalSection(ProjectConfigurationPlatforms) = postSolution
		{F7A9521C-8274-470E-AC29-47E133F57BFB}.Debug|Any CPU.ActiveCfg = Debug|Any CPU
		{F7A9521C-8274-470E-AC29-47E133F57BFB}.Debug|Any CPU.Build.0 = Debug|Any CPU
		{F7A9521C-8274-470E-AC29-47E133F57BFB}.Release|Any CPU.ActiveCfg = Release|Any CPU
		{F7A9521C-8274-470E-AC29-47E133F57BFB}.Release|Any CPU.Build.0 = Release|Any CPU
		{C0727981-5862-4DAB-B27E-DFBB9F9BC17C}.Debug|Any CPU.ActiveCfg = Debug|Any CPU
		{C0727981-5862-4DAB-B27E-DFBB9F9BC17C}.Debug|Any CPU.Build.0 = Debug|Any CPU
		{C0727981-5862-4DAB-B27E-DFBB9F9BC17C}.Release|Any CPU.ActiveCfg = Release|Any CPU
		{C0727981-5862-4DAB-B27E-DFBB9F9BC17C}.Release|Any CPU.Build.0 = Release|Any CPU
		{83D267D3-2201-41BE-988F-7B02B8595957}.Debug|Any CPU.ActiveCfg = Debug|Any CPU
		{83D267D3-2201-41BE-988F-7B02B8595957}.Debug|Any CPU.Build.0 = Debug|Any CPU
		{83D267D3-2201-41BE-988F-7B02B8595957}.Release|Any CPU.ActiveCfg = Release|Any CPU
		{83D267D3-2201-41BE-988F-7B02B8595957}.Release|Any CPU.Build.0 = Release|Any CPU
	EndGlobalSection
	GlobalSection(SolutionProperties) = preSolution
		HideSolutionNode = FALSE
	EndGlobalSection
	GlobalSection(ExtensibilityGlobals) = postSolution
		SolutionGuid = {4B695365-B0A6-4C91-8EE6-B0891F94FE02}
	EndGlobalSection
EndGlobal
