
Microsoft Visual Studio Solution File, Format Version 12.00
# Visual Studio Version 16
VisualStudioVersion = 16.0.30717.126
MinimumVisualStudioVersion = 10.0.40219.1
Project("{FAE04EC0-301F-11D3-BF4B-00C04F79EFBC}") = "Mod20", "Mod20\Mod20.csproj", "{3B7F982F-57D4-414E-8C93-1F107AD1CEAB}"
EndProject
Project("{FAE04EC0-301F-11D3-BF4B-00C04F79EFBC}") = "Mod20Library", "Mod20Library\Mod20Library.csproj", "{C570A20E-968D-4E0A-99CD-66545D675630}"
EndProject
Project("{FAE04EC0-301F-11D3-BF4B-00C04F79EFBC}") = "Mod20Tests", "Mod20Tests\Mod20Tests.csproj", "{BAC4167D-2E5C-4481-90B2-4E013E6C069A}"
EndProject
Global
	GlobalSection(SolutionConfigurationPlatforms) = preSolution
		Debug|Any CPU = Debug|Any CPU
		Release|Any CPU = Release|Any CPU
	EndGlobalSection
	GlobalSection(ProjectConfigurationPlatforms) = postSolution
		{3B7F982F-57D4-414E-8C93-1F107AD1CEAB}.Debug|Any CPU.ActiveCfg = Debug|Any CPU
		{3B7F982F-57D4-414E-8C93-1F107AD1CEAB}.Debug|Any CPU.Build.0 = Debug|Any CPU
		{3B7F982F-57D4-414E-8C93-1F107AD1CEAB}.Release|Any CPU.ActiveCfg = Release|Any CPU
		{3B7F982F-57D4-414E-8C93-1F107AD1CEAB}.Release|Any CPU.Build.0 = Release|Any CPU
		{C570A20E-968D-4E0A-99CD-66545D675630}.Debug|Any CPU.ActiveCfg = Debug|Any CPU
		{C570A20E-968D-4E0A-99CD-66545D675630}.Debug|Any CPU.Build.0 = Debug|Any CPU
		{C570A20E-968D-4E0A-99CD-66545D675630}.Release|Any CPU.ActiveCfg = Release|Any CPU
		{C570A20E-968D-4E0A-99CD-66545D675630}.Release|Any CPU.Build.0 = Release|Any CPU
		{BAC4167D-2E5C-4481-90B2-4E013E6C069A}.Debug|Any CPU.ActiveCfg = Debug|Any CPU
		{BAC4167D-2E5C-4481-90B2-4E013E6C069A}.Debug|Any CPU.Build.0 = Debug|Any CPU
		{BAC4167D-2E5C-4481-90B2-4E013E6C069A}.Release|Any CPU.ActiveCfg = Release|Any CPU
		{BAC4167D-2E5C-4481-90B2-4E013E6C069A}.Release|Any CPU.Build.0 = Release|Any CPU
	EndGlobalSection
	GlobalSection(SolutionProperties) = preSolution
		HideSolutionNode = FALSE
	EndGlobalSection
	GlobalSection(ExtensibilityGlobals) = postSolution
		SolutionGuid = {CF04CE2B-AFD1-457A-9264-4909721E219F}
	EndGlobalSection
EndGlobal
