
Microsoft Visual Studio Solution File, Format Version 12.00
# Visual Studio Version 16
VisualStudioVersion = 16.0.30717.126
MinimumVisualStudioVersion = 10.0.40219.1
Project("{FAE04EC0-301F-11D3-BF4B-00C04F79EFBC}") = "AllLoops", "AllLoops\AllLoops.csproj", "{123624CF-CAAE-4E80-86F4-3ED403BDC0FA}"
EndProject
Project("{FAE04EC0-301F-11D3-BF4B-00C04F79EFBC}") = "AllLoopsTests", "AllLoopsTests\AllLoopsTests.csproj", "{CE937AEA-3997-4BED-A767-E5969F742E09}"
EndProject
Project("{FAE04EC0-301F-11D3-BF4B-00C04F79EFBC}") = "AllLoopsLibrary", "AllLoopsLibrary\AllLoopsLibrary.csproj", "{3EF38FB3-7670-4FD5-950F-1FAF4E5BBD0C}"
EndProject
Global
	GlobalSection(SolutionConfigurationPlatforms) = preSolution
		Debug|Any CPU = Debug|Any CPU
		Release|Any CPU = Release|Any CPU
	EndGlobalSection
	GlobalSection(ProjectConfigurationPlatforms) = postSolution
		{123624CF-CAAE-4E80-86F4-3ED403BDC0FA}.Debug|Any CPU.ActiveCfg = Debug|Any CPU
		{123624CF-CAAE-4E80-86F4-3ED403BDC0FA}.Debug|Any CPU.Build.0 = Debug|Any CPU
		{123624CF-CAAE-4E80-86F4-3ED403BDC0FA}.Release|Any CPU.ActiveCfg = Release|Any CPU
		{123624CF-CAAE-4E80-86F4-3ED403BDC0FA}.Release|Any CPU.Build.0 = Release|Any CPU
		{CE937AEA-3997-4BED-A767-E5969F742E09}.Debug|Any CPU.ActiveCfg = Debug|Any CPU
		{CE937AEA-3997-4BED-A767-E5969F742E09}.Debug|Any CPU.Build.0 = Debug|Any CPU
		{CE937AEA-3997-4BED-A767-E5969F742E09}.Release|Any CPU.ActiveCfg = Release|Any CPU
		{CE937AEA-3997-4BED-A767-E5969F742E09}.Release|Any CPU.Build.0 = Release|Any CPU
		{3EF38FB3-7670-4FD5-950F-1FAF4E5BBD0C}.Debug|Any CPU.ActiveCfg = Debug|Any CPU
		{3EF38FB3-7670-4FD5-950F-1FAF4E5BBD0C}.Debug|Any CPU.Build.0 = Debug|Any CPU
		{3EF38FB3-7670-4FD5-950F-1FAF4E5BBD0C}.Release|Any CPU.ActiveCfg = Release|Any CPU
		{3EF38FB3-7670-4FD5-950F-1FAF4E5BBD0C}.Release|Any CPU.Build.0 = Release|Any CPU
	EndGlobalSection
	GlobalSection(SolutionProperties) = preSolution
		HideSolutionNode = FALSE
	EndGlobalSection
	GlobalSection(ExtensibilityGlobals) = postSolution
		SolutionGuid = {F8B80C4D-EE03-468C-A3EA-882F39E9A52E}
	EndGlobalSection
EndGlobal
