
Microsoft Visual Studio Solution File, Format Version 12.00
# Visual Studio Version 16
VisualStudioVersion = 16.0.30717.126
MinimumVisualStudioVersion = 10.0.40219.1
Project("{FAE04EC0-301F-11D3-BF4B-00C04F79EFBC}") = "AllRemainingConditionals", "AllRemainingConditionals\AllRemainingConditionals.csproj", "{7C841177-C5ED-4FD2-AFD0-0193CF3294DE}"
EndProject
Project("{FAE04EC0-301F-11D3-BF4B-00C04F79EFBC}") = "AllRemainingConditionalsLibrary", "AllRemainingConditionalsLibrary\AllRemainingConditionalsLibrary.csproj", "{FCF3658F-DF8D-4E04-879A-BF70F3E43337}"
EndProject
Project("{FAE04EC0-301F-11D3-BF4B-00C04F79EFBC}") = "AllRemainingConditionalsTests", "AllRemainingConditionalsTests\AllRemainingConditionalsTests.csproj", "{8BEE3468-311D-4C7C-922E-A43011AB47F1}"
EndProject
Global
	GlobalSection(SolutionConfigurationPlatforms) = preSolution
		Debug|Any CPU = Debug|Any CPU
		Release|Any CPU = Release|Any CPU
	EndGlobalSection
	GlobalSection(ProjectConfigurationPlatforms) = postSolution
		{7C841177-C5ED-4FD2-AFD0-0193CF3294DE}.Debug|Any CPU.ActiveCfg = Debug|Any CPU
		{7C841177-C5ED-4FD2-AFD0-0193CF3294DE}.Debug|Any CPU.Build.0 = Debug|Any CPU
		{7C841177-C5ED-4FD2-AFD0-0193CF3294DE}.Release|Any CPU.ActiveCfg = Release|Any CPU
		{7C841177-C5ED-4FD2-AFD0-0193CF3294DE}.Release|Any CPU.Build.0 = Release|Any CPU
		{FCF3658F-DF8D-4E04-879A-BF70F3E43337}.Debug|Any CPU.ActiveCfg = Debug|Any CPU
		{FCF3658F-DF8D-4E04-879A-BF70F3E43337}.Debug|Any CPU.Build.0 = Debug|Any CPU
		{FCF3658F-DF8D-4E04-879A-BF70F3E43337}.Release|Any CPU.ActiveCfg = Release|Any CPU
		{FCF3658F-DF8D-4E04-879A-BF70F3E43337}.Release|Any CPU.Build.0 = Release|Any CPU
		{8BEE3468-311D-4C7C-922E-A43011AB47F1}.Debug|Any CPU.ActiveCfg = Debug|Any CPU
		{8BEE3468-311D-4C7C-922E-A43011AB47F1}.Debug|Any CPU.Build.0 = Debug|Any CPU
		{8BEE3468-311D-4C7C-922E-A43011AB47F1}.Release|Any CPU.ActiveCfg = Release|Any CPU
		{8BEE3468-311D-4C7C-922E-A43011AB47F1}.Release|Any CPU.Build.0 = Release|Any CPU
	EndGlobalSection
	GlobalSection(SolutionProperties) = preSolution
		HideSolutionNode = FALSE
	EndGlobalSection
	GlobalSection(ExtensibilityGlobals) = postSolution
		SolutionGuid = {365068FC-939D-410D-B6E1-77D6F1C450AB}
	EndGlobalSection
EndGlobal
