
Microsoft Visual Studio Solution File, Format Version 12.00
# Visual Studio Version 16
VisualStudioVersion = 16.0.30621.155
MinimumVisualStudioVersion = 10.0.40219.1
Project("{FAE04EC0-301F-11D3-BF4B-00C04F79EFBC}") = "Double23", "Double23\Double23.csproj", "{FA5B0408-759B-43E6-9370-B69D9CE3AD04}"
EndProject
Project("{FAE04EC0-301F-11D3-BF4B-00C04F79EFBC}") = "TestDouble23", "TestDouble23\TestDouble23.csproj", "{CF87F7CE-5D9E-479D-BA9D-03B37616AAC4}"
EndProject
Project("{FAE04EC0-301F-11D3-BF4B-00C04F79EFBC}") = "Double23Library", "Double23Library\Double23Library.csproj", "{1B7DEB85-B6A8-4E94-89AB-008B0D942843}"
EndProject
Global
	GlobalSection(SolutionConfigurationPlatforms) = preSolution
		Debug|Any CPU = Debug|Any CPU
		Release|Any CPU = Release|Any CPU
	EndGlobalSection
	GlobalSection(ProjectConfigurationPlatforms) = postSolution
		{FA5B0408-759B-43E6-9370-B69D9CE3AD04}.Debug|Any CPU.ActiveCfg = Debug|Any CPU
		{FA5B0408-759B-43E6-9370-B69D9CE3AD04}.Debug|Any CPU.Build.0 = Debug|Any CPU
		{FA5B0408-759B-43E6-9370-B69D9CE3AD04}.Release|Any CPU.ActiveCfg = Release|Any CPU
		{FA5B0408-759B-43E6-9370-B69D9CE3AD04}.Release|Any CPU.Build.0 = Release|Any CPU
		{CF87F7CE-5D9E-479D-BA9D-03B37616AAC4}.Debug|Any CPU.ActiveCfg = Debug|Any CPU
		{CF87F7CE-5D9E-479D-BA9D-03B37616AAC4}.Debug|Any CPU.Build.0 = Debug|Any CPU
		{CF87F7CE-5D9E-479D-BA9D-03B37616AAC4}.Release|Any CPU.ActiveCfg = Release|Any CPU
		{CF87F7CE-5D9E-479D-BA9D-03B37616AAC4}.Release|Any CPU.Build.0 = Release|Any CPU
		{1B7DEB85-B6A8-4E94-89AB-008B0D942843}.Debug|Any CPU.ActiveCfg = Debug|Any CPU
		{1B7DEB85-B6A8-4E94-89AB-008B0D942843}.Debug|Any CPU.Build.0 = Debug|Any CPU
		{1B7DEB85-B6A8-4E94-89AB-008B0D942843}.Release|Any CPU.ActiveCfg = Release|Any CPU
		{1B7DEB85-B6A8-4E94-89AB-008B0D942843}.Release|Any CPU.Build.0 = Release|Any CPU
	EndGlobalSection
	GlobalSection(SolutionProperties) = preSolution
		HideSolutionNode = FALSE
	EndGlobalSection
	GlobalSection(ExtensibilityGlobals) = postSolution
		SolutionGuid = {18C01823-2A7C-45B3-BF37-FF9B40D38F36}
	EndGlobalSection
EndGlobal
