
Microsoft Visual Studio Solution File, Format Version 12.00
# Visual Studio Version 16
VisualStudioVersion = 16.0.30717.126
MinimumVisualStudioVersion = 10.0.40219.1
Project("{FAE04EC0-301F-11D3-BF4B-00C04F79EFBC}") = "AreWeInTrouble", "AreWeInTrouble\AreWeInTrouble.csproj", "{7AD08129-877F-4FB9-B38E-D8E460CB00F8}"
EndProject
Project("{FAE04EC0-301F-11D3-BF4B-00C04F79EFBC}") = "AreWeInTroubleTests", "AreWeInTroubleTests\AreWeInTroubleTests.csproj", "{BCB91259-8C36-47C5-BC11-093860AC6C58}"
EndProject
Project("{FAE04EC0-301F-11D3-BF4B-00C04F79EFBC}") = "AreWeInTroubleLibrary", "AreWeInTroubleLibrary\AreWeInTroubleLibrary.csproj", "{AC988973-1C01-460E-8B5C-CC293962285F}"
EndProject
Global
	GlobalSection(SolutionConfigurationPlatforms) = preSolution
		Debug|Any CPU = Debug|Any CPU
		Release|Any CPU = Release|Any CPU
	EndGlobalSection
	GlobalSection(ProjectConfigurationPlatforms) = postSolution
		{7AD08129-877F-4FB9-B38E-D8E460CB00F8}.Debug|Any CPU.ActiveCfg = Debug|Any CPU
		{7AD08129-877F-4FB9-B38E-D8E460CB00F8}.Debug|Any CPU.Build.0 = Debug|Any CPU
		{7AD08129-877F-4FB9-B38E-D8E460CB00F8}.Release|Any CPU.ActiveCfg = Release|Any CPU
		{7AD08129-877F-4FB9-B38E-D8E460CB00F8}.Release|Any CPU.Build.0 = Release|Any CPU
		{BCB91259-8C36-47C5-BC11-093860AC6C58}.Debug|Any CPU.ActiveCfg = Debug|Any CPU
		{BCB91259-8C36-47C5-BC11-093860AC6C58}.Debug|Any CPU.Build.0 = Debug|Any CPU
		{BCB91259-8C36-47C5-BC11-093860AC6C58}.Release|Any CPU.ActiveCfg = Release|Any CPU
		{BCB91259-8C36-47C5-BC11-093860AC6C58}.Release|Any CPU.Build.0 = Release|Any CPU
		{AC988973-1C01-460E-8B5C-CC293962285F}.Debug|Any CPU.ActiveCfg = Debug|Any CPU
		{AC988973-1C01-460E-8B5C-CC293962285F}.Debug|Any CPU.Build.0 = Debug|Any CPU
		{AC988973-1C01-460E-8B5C-CC293962285F}.Release|Any CPU.ActiveCfg = Release|Any CPU
		{AC988973-1C01-460E-8B5C-CC293962285F}.Release|Any CPU.Build.0 = Release|Any CPU
	EndGlobalSection
	GlobalSection(SolutionProperties) = preSolution
		HideSolutionNode = FALSE
	EndGlobalSection
	GlobalSection(ExtensibilityGlobals) = postSolution
		SolutionGuid = {0C16A568-7275-4509-A883-0C50EF8CDEBD}
	EndGlobalSection
EndGlobal
